
Microsoft Visual Studio Solution File, Format Version 12.00
# Visual Studio 15
VisualStudioVersion = 15.0.28307.757
MinimumVisualStudioVersion = 10.0.40219.1
Project("{FAE04EC0-301F-11D3-BF4B-00C04F79EFBC}") = "BLUECATSTray", "BLUECATSTray\BLUECATSTray.csproj", "{AF460431-5CEC-4393-86F6-B59EBC110F53}"
EndProject
Global
	GlobalSection(SolutionConfigurationPlatforms) = preSolution
		Debug|Any CPU = Debug|Any CPU
		Release|Any CPU = Release|Any CPU
	EndGlobalSection
	GlobalSection(ProjectConfigurationPlatforms) = postSolution
		{AF460431-5CEC-4393-86F6-B59EBC110F53}.Debug|Any CPU.ActiveCfg = Debug|Any CPU
		{AF460431-5CEC-4393-86F6-B59EBC110F53}.Debug|Any CPU.Build.0 = Debug|Any CPU
		{AF460431-5CEC-4393-86F6-B59EBC110F53}.Release|Any CPU.ActiveCfg = Release|Any CPU
		{AF460431-5CEC-4393-86F6-B59EBC110F53}.Release|Any CPU.Build.0 = Release|Any CPU
	EndGlobalSection
	GlobalSection(SolutionProperties) = preSolution
		HideSolutionNode = FALSE
	EndGlobalSection
	GlobalSection(ExtensibilityGlobals) = postSolution
		SolutionGuid = {F9DCBB45-F389-45C9-A545-70C5DFB68B8A}
	EndGlobalSection
EndGlobal
